version: 6
environments:
  default:
    channels:
    - url: https://conda.anaconda.org/conda-forge/
    options:
      pypi-prerelease-mode: if-necessary-or-explicit
    packages:
      osx-arm64:
      - conda: https://conda.anaconda.org/conda-forge/osx-arm64/libcxx-22.1.0-h55c6f16_1.conda
      - conda: https://conda.anaconda.org/conda-forge/osx-arm64/rattler-build-0.58.1-h2307240_0.conda
packages:
- conda: https://conda.anaconda.org/conda-forge/osx-arm64/libcxx-22.1.0-h55c6f16_1.conda
  sha256: ce1049fa6fda9cf08ff1c50fb39573b5b0ea6958375d8ea7ccd8456ab81a0bcb
  md5: e9c56daea841013e7774b5cd46f41564
  depends:
  - __osx >=11.0
  license: Apache-2.0 WITH LLVM-exception
  license_family: Apache
  size: 568910
  timestamp: 1772001095642
- conda: https://conda.anaconda.org/conda-forge/osx-arm64/rattler-build-0.58.1-h2307240_0.conda
  sha256: d9f848cf158a2d8c3fbeb89af6772523e3f8fd99872cc53522850cbc1ff7a454
  md5: 7fac6fbe48d339bdff5c0b71867f6ed3
  depends:
  - __osx >=11.0
  - libcxx >=19
  constrains:
  - __osx >=11.0
  license: BSD-3-Clause
  license_family: BSD
  size: 16174781
  timestamp: 1772118008498
