version: 6
environments:
  default:
    channels:
    - url: https://conda.anaconda.org/conda-forge/
    options:
      pypi-prerelease-mode: if-necessary-or-explicit
    packages:
      linux-64:
      - conda: https://conda.anaconda.org/conda-forge/linux-64/_openmp_mutex-4.5-20_gnu.conda
      - conda: https://conda.anaconda.org/conda-forge/noarch/ca-certificates-2026.2.25-hbd8a1cb_0.conda
      - conda: https://conda.anaconda.org/conda-forge/linux-64/libgcc-15.2.0-he0feb66_18.conda
      - conda: https://conda.anaconda.org/conda-forge/linux-64/libgcc-ng-15.2.0-h69a702a_18.conda
      - conda: https://conda.anaconda.org/conda-forge/linux-64/libgomp-15.2.0-he0feb66_18.conda
      - conda: https://conda.anaconda.org/conda-forge/linux-64/libstdcxx-15.2.0-h934c35e_18.conda
      - conda: https://conda.anaconda.org/conda-forge/linux-64/libstdcxx-ng-15.2.0-hdf11a46_18.conda
      - conda: https://conda.anaconda.org/conda-forge/linux-64/openssl-3.6.1-h35e630c_1.conda
      - conda: https://conda.anaconda.org/conda-forge/linux-64/patchelf-0.17.2-h58526e2_0.conda
      - conda: https://conda.anaconda.org/conda-forge/linux-64/rattler-build-0.58.1-ha759004_0.conda
      linux-aarch64:
      - conda: https://conda.anaconda.org/conda-forge/linux-aarch64/_openmp_mutex-4.5-20_gnu.conda
      - conda: https://conda.anaconda.org/conda-forge/noarch/ca-certificates-2026.2.25-hbd8a1cb_0.conda
      - conda: https://conda.anaconda.org/conda-forge/linux-aarch64/libgcc-15.2.0-h8acb6b2_18.conda
      - conda: https://conda.anaconda.org/conda-forge/linux-aarch64/libgcc-ng-15.2.0-he9431aa_18.conda
      - conda: https://conda.anaconda.org/conda-forge/linux-aarch64/libgomp-15.2.0-h8acb6b2_18.conda
      - conda: https://conda.anaconda.org/conda-forge/linux-aarch64/libstdcxx-15.2.0-hef695bb_18.conda
      - conda: https://conda.anaconda.org/conda-forge/linux-aarch64/libstdcxx-ng-15.2.0-hdbbeba8_18.conda
      - conda: https://conda.anaconda.org/conda-forge/linux-aarch64/openssl-3.6.1-h546c87b_1.conda
      - conda: https://conda.anaconda.org/conda-forge/linux-aarch64/patchelf-0.17.2-h884eca8_0.conda
      - conda: https://conda.anaconda.org/conda-forge/linux-aarch64/rattler-build-0.58.1-h1d7f6d8_0.conda
      osx-arm64:
      - conda: https://conda.anaconda.org/conda-forge/osx-arm64/libcxx-22.1.0-h55c6f16_1.conda
      - conda: https://conda.anaconda.org/conda-forge/osx-arm64/rattler-build-0.58.1-h2307240_0.conda
      win-64:
      - conda: https://conda.anaconda.org/conda-forge/win-64/rattler-build-0.58.1-he94b42d_0.conda
      - conda: https://conda.anaconda.org/conda-forge/win-64/ucrt-10.0.26100.0-h57928b3_0.conda
      - conda: https://conda.anaconda.org/conda-forge/win-64/vc-14.3-h41ae7f8_34.conda
      - conda: https://conda.anaconda.org/conda-forge/win-64/vc14_runtime-14.44.35208-h818238b_34.conda
      - conda: https://conda.anaconda.org/conda-forge/win-64/vcomp14-14.44.35208-h818238b_34.conda
packages:
- conda: https://conda.anaconda.org/conda-forge/linux-64/_openmp_mutex-4.5-20_gnu.conda
  build_number: 20
  sha256: 1dd3fffd892081df9726d7eb7e0dea6198962ba775bd88842135a4ddb4deb3c9
  md5: a9f577daf3de00bca7c3c76c0ecbd1de
  depends:
  - __glibc >=2.17,<3.0.a0
  - libgomp >=7.5.0
  constrains:
  - openmp_impl <0.0a0
  license: BSD-3-Clause
  license_family: BSD
  size: 28948
  timestamp: 1770939786096
- conda: https://conda.anaconda.org/conda-forge/linux-aarch64/_openmp_mutex-4.5-20_gnu.conda
  build_number: 20
  sha256: a2527b1d81792a0ccd2c05850960df119c2b6d8f5fdec97f2db7d25dc23b1068
  md5: 468fd3bb9e1f671d36c2cbc677e56f1d
  depends:
  - libgomp >=7.5.0
  constrains:
  - openmp_impl <0.0a0
  license: BSD-3-Clause
  license_family: BSD
  size: 28926
  timestamp: 1770939656741
- conda: https://conda.anaconda.org/conda-forge/noarch/ca-certificates-2026.2.25-hbd8a1cb_0.conda
  sha256: 67cc7101b36421c5913a1687ef1b99f85b5d6868da3abbf6ec1a4181e79782fc
  md5: 4492fd26db29495f0ba23f146cd5638d
  depends:
  - __unix
  license: ISC
  size: 147413
  timestamp: 1772006283803
- conda: https://conda.anaconda.org/conda-forge/osx-arm64/libcxx-22.1.0-h55c6f16_1.conda
  sha256: ce1049fa6fda9cf08ff1c50fb39573b5b0ea6958375d8ea7ccd8456ab81a0bcb
  md5: e9c56daea841013e7774b5cd46f41564
  depends:
  - __osx >=11.0
  license: Apache-2.0 WITH LLVM-exception
  license_family: Apache
  size: 568910
  timestamp: 1772001095642
- conda: https://conda.anaconda.org/conda-forge/linux-64/libgcc-15.2.0-he0feb66_18.conda
  sha256: faf7d2017b4d718951e3a59d081eb09759152f93038479b768e3d612688f83f5
  md5: 0aa00f03f9e39fb9876085dee11a85d4
  depends:
  - __glibc >=2.17,<3.0.a0
  - _openmp_mutex >=4.5
  constrains:
  - libgcc-ng ==15.2.0=*_18
  - libgomp 15.2.0 he0feb66_18
  license: GPL-3.0-only WITH GCC-exception-3.1
  license_family: GPL
  size: 1041788
  timestamp: 1771378212382
- conda: https://conda.anaconda.org/conda-forge/linux-aarch64/libgcc-15.2.0-h8acb6b2_18.conda
  sha256: 43df385bedc1cab11993c4369e1f3b04b4ca5d0ea16cba6a0e7f18dbc129fcc9
  md5: 552567ea2b61e3a3035759b2fdb3f9a6
  depends:
  - _openmp_mutex >=4.5
  constrains:
  - libgcc-ng ==15.2.0=*_18
  - libgomp 15.2.0 h8acb6b2_18
  license: GPL-3.0-only WITH GCC-exception-3.1
  license_family: GPL
  size: 622900
  timestamp: 1771378128706
- conda: https://conda.anaconda.org/conda-forge/linux-64/libgcc-ng-15.2.0-h69a702a_18.conda
  sha256: e318a711400f536c81123e753d4c797a821021fb38970cebfb3f454126016893
  md5: d5e96b1ed75ca01906b3d2469b4ce493
  depends:
  - libgcc 15.2.0 he0feb66_18
  license: GPL-3.0-only WITH GCC-exception-3.1
  license_family: GPL
  size: 27526
  timestamp: 1771378224552
- conda: https://conda.anaconda.org/conda-forge/linux-aarch64/libgcc-ng-15.2.0-he9431aa_18.conda
  sha256: 83bb0415f59634dccfa8335d4163d1f6db00a27b36666736f9842b650b92cf2f
  md5: 4feebd0fbf61075a1a9c2e9b3936c257
  depends:
  - libgcc 15.2.0 h8acb6b2_18
  license: GPL-3.0-only WITH GCC-exception-3.1
  license_family: GPL
  size: 27568
  timestamp: 1771378136019
- conda: https://conda.anaconda.org/conda-forge/linux-64/libgomp-15.2.0-he0feb66_18.conda
  sha256: 21337ab58e5e0649d869ab168d4e609b033509de22521de1bfed0c031bfc5110
  md5: 239c5e9546c38a1e884d69effcf4c882
  depends:
  - __glibc >=2.17,<3.0.a0
  license: GPL-3.0-only WITH GCC-exception-3.1
  license_family: GPL
  size: 603262
  timestamp: 1771378117851
- conda: https://conda.anaconda.org/conda-forge/linux-aarch64/libgomp-15.2.0-h8acb6b2_18.conda
  sha256: fc716f11a6a8525e27a5d332ef6a689210b0d2a4dd1133edc0f530659aa9faa6
  md5: 4faa39bf919939602e594253bd673958
  license: GPL-3.0-only WITH GCC-exception-3.1
  license_family: GPL
  size: 588060
  timestamp: 1771378040807
- conda: https://conda.anaconda.org/conda-forge/linux-64/libstdcxx-15.2.0-h934c35e_18.conda
  sha256: 78668020064fdaa27e9ab65cd2997e2c837b564ab26ce3bf0e58a2ce1a525c6e
  md5: 1b08cd684f34175e4514474793d44bcb
  depends:
  - __glibc >=2.17,<3.0.a0
  - libgcc 15.2.0 he0feb66_18
  constrains:
  - libstdcxx-ng ==15.2.0=*_18
  license: GPL-3.0-only WITH GCC-exception-3.1
  license_family: GPL
  size: 5852330
  timestamp: 1771378262446
- conda: https://conda.anaconda.org/conda-forge/linux-aarch64/libstdcxx-15.2.0-hef695bb_18.conda
  sha256: 31fdb9ffafad106a213192d8319b9f810e05abca9c5436b60e507afb35a6bc40
  md5: f56573d05e3b735cb03efeb64a15f388
  depends:
  - libgcc 15.2.0 h8acb6b2_18
  constrains:
  - libstdcxx-ng ==15.2.0=*_18
  license: GPL-3.0-only WITH GCC-exception-3.1
  license_family: GPL
  size: 5541411
  timestamp: 1771378162499
- conda: https://conda.anaconda.org/conda-forge/linux-64/libstdcxx-ng-15.2.0-hdf11a46_18.conda
  sha256: 3c902ffd673cb3c6ddde624cdb80f870b6c835f8bf28384b0016e7d444dd0145
  md5: 6235adb93d064ecdf3d44faee6f468de
  depends:
  - libstdcxx 15.2.0 h934c35e_18
  license: GPL-3.0-only WITH GCC-exception-3.1
  license_family: GPL
  size: 27575
  timestamp: 1771378314494
- conda: https://conda.anaconda.org/conda-forge/linux-aarch64/libstdcxx-ng-15.2.0-hdbbeba8_18.conda
  sha256: 035a31cde134e706e30029a837a31f729ad32b7c5bca023271dfe91a8ba6c896
  md5: 699d294376fe18d80b7ce7876c3a875d
  depends:
  - libstdcxx 15.2.0 hef695bb_18
  license: GPL-3.0-only WITH GCC-exception-3.1
  license_family: GPL
  size: 27645
  timestamp: 1771378204663
- conda: https://conda.anaconda.org/conda-forge/linux-64/openssl-3.6.1-h35e630c_1.conda
  sha256: 44c877f8af015332a5d12f5ff0fb20ca32f896526a7d0cdb30c769df1144fb5c
  md5: f61eb8cd60ff9057122a3d338b99c00f
  depends:
  - __glibc >=2.17,<3.0.a0
  - ca-certificates
  - libgcc >=14
  license: Apache-2.0
  license_family: Apache
  size: 3164551
  timestamp: 1769555830639
- conda: https://conda.anaconda.org/conda-forge/linux-aarch64/openssl-3.6.1-h546c87b_1.conda
  sha256: 7f8048c0e75b2620254218d72b4ae7f14136f1981c5eb555ef61645a9344505f
  md5: 25f5885f11e8b1f075bccf4a2da91c60
  depends:
  - ca-certificates
  - libgcc >=14
  license: Apache-2.0
  license_family: Apache
  size: 3692030
  timestamp: 1769557678657
- conda: https://conda.anaconda.org/conda-forge/linux-64/patchelf-0.17.2-h58526e2_0.conda
  sha256: eb355ac225be2f698e19dba4dcab7cb0748225677a9799e9cc8e4cadc3cb738f
  md5: ba76a6a448819560b5f8b08a9c74f415
  depends:
  - libgcc-ng >=7.5.0
  - libstdcxx-ng >=7.5.0
  license: GPL-3.0-or-later
  license_family: GPL
  size: 94048
  timestamp: 1673473024463
- conda: https://conda.anaconda.org/conda-forge/linux-aarch64/patchelf-0.17.2-h884eca8_0.conda
  sha256: 8b98158f36a7a92013a1982ab7a60947151350ac5c513c1d1575825d0fa52518
  md5: bbd8dee69c4ac2e2d07bca100b8fcc31
  depends:
  - libgcc-ng >=7.5.0
  - libstdcxx-ng >=7.5.0
  license: GPL-3.0-or-later
  license_family: GPL
  size: 101306
  timestamp: 1673473812166
- conda: https://conda.anaconda.org/conda-forge/linux-64/rattler-build-0.58.1-ha759004_0.conda
  sha256: fd557959169e506da6604e4ec9f048b918bbe2c3d40dab59be130cc3bcab32a4
  md5: adaf093dae5fa3a73ca1d3193595b0f0
  depends:
  - patchelf
  - __glibc >=2.17,<3.0.a0
  - libstdcxx >=14
  - libgcc >=14
  - openssl >=3.5.5,<4.0a0
  constrains:
  - __glibc >=2.17
  license: BSD-3-Clause
  license_family: BSD
  size: 18583791
  timestamp: 1772118000813
- conda: https://conda.anaconda.org/conda-forge/linux-aarch64/rattler-build-0.58.1-h1d7f6d8_0.conda
  sha256: ef65c6d8ee40037b35de6841250c5d4a1729c1a59b65d0b4828562ad408b7576
  md5: 7d85cbbae854ab0363054b5e2bf63da3
  depends:
  - patchelf
  - libstdcxx >=14
  - libgcc >=14
  - openssl >=3.5.5,<4.0a0
  constrains:
  - __glibc >=2.17
  license: BSD-3-Clause
  license_family: BSD
  size: 18084702
  timestamp: 1772118015116
- conda: https://conda.anaconda.org/conda-forge/osx-arm64/rattler-build-0.58.1-h2307240_0.conda
  sha256: d9f848cf158a2d8c3fbeb89af6772523e3f8fd99872cc53522850cbc1ff7a454
  md5: 7fac6fbe48d339bdff5c0b71867f6ed3
  depends:
  - __osx >=11.0
  - libcxx >=19
  constrains:
  - __osx >=11.0
  license: BSD-3-Clause
  license_family: BSD
  size: 16174781
  timestamp: 1772118008498
- conda: https://conda.anaconda.org/conda-forge/win-64/rattler-build-0.58.1-he94b42d_0.conda
  sha256: fa15a65c200cad4ec31d6f1ba4dd3d9ac4a6d0143d0ecb6b8e22a1693e9713e6
  md5: ba9f7476f973e6db40f608b42b3ebe0b
  depends:
  - vc >=14.3,<15
  - vc14_runtime >=14.44.35208
  - ucrt >=10.0.20348.0
  license: BSD-3-Clause
  license_family: BSD
  size: 18174146
  timestamp: 1772118038360
- conda: https://conda.anaconda.org/conda-forge/win-64/ucrt-10.0.26100.0-h57928b3_0.conda
  sha256: 3005729dce6f3d3f5ec91dfc49fc75a0095f9cd23bab49efb899657297ac91a5
  md5: 71b24316859acd00bdb8b38f5e2ce328
  constrains:
  - vc14_runtime >=14.29.30037
  - vs2015_runtime >=14.29.30037
  license: LicenseRef-MicrosoftWindowsSDK10
  size: 694692
  timestamp: 1756385147981
- conda: https://conda.anaconda.org/conda-forge/win-64/vc-14.3-h41ae7f8_34.conda
  sha256: 9dc40c2610a6e6727d635c62cced5ef30b7b30123f5ef67d6139e23d21744b3a
  md5: 1e610f2416b6acdd231c5f573d754a0f
  depends:
  - vc14_runtime >=14.44.35208
  track_features:
  - vc14
  license: BSD-3-Clause
  license_family: BSD
  size: 19356
  timestamp: 1767320221521
- conda: https://conda.anaconda.org/conda-forge/win-64/vc14_runtime-14.44.35208-h818238b_34.conda
  sha256: 02732f953292cce179de9b633e74928037fa3741eb5ef91c3f8bae4f761d32a5
  md5: 37eb311485d2d8b2c419449582046a42
  depends:
  - ucrt >=10.0.20348.0
  - vcomp14 14.44.35208 h818238b_34
  constrains:
  - vs2015_runtime 14.44.35208.* *_34
  license: LicenseRef-MicrosoftVisualCpp2015-2022Runtime
  license_family: Proprietary
  size: 683233
  timestamp: 1767320219644
- conda: https://conda.anaconda.org/conda-forge/win-64/vcomp14-14.44.35208-h818238b_34.conda
  sha256: 878d5d10318b119bd98ed3ed874bd467acbe21996e1d81597a1dbf8030ea0ce6
  md5: 242d9f25d2ae60c76b38a5e42858e51d
  depends:
  - ucrt >=10.0.20348.0
  constrains:
  - vs2015_runtime 14.44.35208.* *_34
  license: LicenseRef-MicrosoftVisualCpp2015-2022Runtime
  license_family: Proprietary
  size: 115235
  timestamp: 1767320173250
